
Microsoft Visual Studio Solution File, Format Version 12.00
Project("{FAE04EC0-301F-11D3-BF4B-00C04F79EFBC}") = "Day 01 - Trebuchet", "Day 01 - Trebuchet\Day 01 - Trebuchet.csproj", "{23E0CD2E-A671-4D78-9FF6-E72C207E78B9}"
EndProject
Project("{FAE04EC0-301F-11D3-BF4B-00C04F79EFBC}") = "Day 01 - Trebuchet - Star", "Day 01 - Trebuchet - Star\Day 01 - Trebuchet - Star.csproj", "{2351ABFD-50A2-4478-96AC-D0E4F6105DB2}"
EndProject
Project("{FAE04EC0-301F-11D3-BF4B-00C04F79EFBC}") = "Day 02 - Cube Conundrum", "Day 02 - Cube Conundrum\Day 02 - Cube Conundrum.csproj", "{DA4B761C-28D3-4FD4-8701-922CE540810C}"
EndProject
Project("{FAE04EC0-301F-11D3-BF4B-00C04F79EFBC}") = "Day 02 - Cube Conundrum - Star", "Day 02 - Cube Conundrum - Star\Day 02 - Cube Conundrum - Star.csproj", "{88B60529-294A-4845-871F-9ABE2715160F}"
EndProject
Project("{FAE04EC0-301F-11D3-BF4B-00C04F79EFBC}") = "Day 03 - Gear Ratios", "Day 03 - Gear Ratios\Day 03 - Gear Ratios.csproj", "{D20D2C64-D4C0-440C-9640-442B185B11EE}"
EndProject
Project("{FAE04EC0-301F-11D3-BF4B-00C04F79EFBC}") = "Day 03 - Gear Ratios - Star", "Day 03 - Gear Ratios - Star\Day 03 - Gear Ratios - Star.csproj", "{72907A72-F669-4372-A7E0-2F1CA2540E69}"
EndProject
Project("{FAE04EC0-301F-11D3-BF4B-00C04F79EFBC}") = "Day 04 - Scratchcards", "Day 04 - Scratchcards\Day 04 - Scratchcards.csproj", "{99FF096F-A8C5-425E-AFAD-7916C2D4F90D}"
EndProject
Project("{FAE04EC0-301F-11D3-BF4B-00C04F79EFBC}") = "Day 04 - Scratchcards - Star", "Day 04 - Scratchcards - Star\Day 04 - Scratchcards - Star.csproj", "{939AA4C6-5265-4908-A961-01BF05C09E9D}"
EndProject
Project("{FAE04EC0-301F-11D3-BF4B-00C04F79EFBC}") = "Day 05 - If You Give A Seed A Fertilizer", "Day 05 - If You Give A Seed A Fertilizer\Day 05 - If You Give A Seed A Fertilizer.csproj", "{0A4E3C03-3D54-468B-B724-950ACE7A1696}"
EndProject
Project("{FAE04EC0-301F-11D3-BF4B-00C04F79EFBC}") = "Day 05 - If You Give A Seed A Fertilizer - Star", "Day 05 - If You Give A Seed A Fertilizer - Star\Day 05 - If You Give A Seed A Fertilizer - Star.csproj", "{E4F91FF3-1E2D-4BD0-B888-0448DB1C448D}"
EndProject
Project("{FAE04EC0-301F-11D3-BF4B-00C04F79EFBC}") = "Day 06 - Wait For It", "Day 06 - Wait For It\Day 06 - Wait For It.csproj", "{4C9F7BEC-B05C-49D4-A421-248E6045AD57}"
EndProject
Project("{FAE04EC0-301F-11D3-BF4B-00C04F79EFBC}") = "Day 06 - Wait For It - Star", "Day 06 - Wait For It - Star\Day 06 - Wait For It - Star.csproj", "{40696FBF-F1A9-4D0D-BCFC-BEBC794CF040}"
EndProject
Project("{FAE04EC0-301F-11D3-BF4B-00C04F79EFBC}") = "Day 07 - Camel Cards", "Day 07 - Camel Cards\Day 07 - Camel Cards.csproj", "{13A45709-27CF-4884-BEB1-63D0D3AEE43F}"
EndProject
Project("{FAE04EC0-301F-11D3-BF4B-00C04F79EFBC}") = "Day 07 - Camel Cards - Star", "Day 07 - Camel Cards - Star\Day 07 - Camel Cards - Star.csproj", "{4DB60A2F-63F2-4616-9062-DB5D0C50567A}"
EndProject
Global
	GlobalSection(SolutionConfigurationPlatforms) = preSolution
		Debug|Any CPU = Debug|Any CPU
		Release|Any CPU = Release|Any CPU
	EndGlobalSection
	GlobalSection(ProjectConfigurationPlatforms) = postSolution
		{23E0CD2E-A671-4D78-9FF6-E72C207E78B9}.Debug|Any CPU.ActiveCfg = Debug|Any CPU
		{23E0CD2E-A671-4D78-9FF6-E72C207E78B9}.Debug|Any CPU.Build.0 = Debug|Any CPU
		{23E0CD2E-A671-4D78-9FF6-E72C207E78B9}.Release|Any CPU.ActiveCfg = Release|Any CPU
		{23E0CD2E-A671-4D78-9FF6-E72C207E78B9}.Release|Any CPU.Build.0 = Release|Any CPU
		{2351ABFD-50A2-4478-96AC-D0E4F6105DB2}.Debug|Any CPU.ActiveCfg = Debug|Any CPU
		{2351ABFD-50A2-4478-96AC-D0E4F6105DB2}.Debug|Any CPU.Build.0 = Debug|Any CPU
		{2351ABFD-50A2-4478-96AC-D0E4F6105DB2}.Release|Any CPU.ActiveCfg = Release|Any CPU
		{2351ABFD-50A2-4478-96AC-D0E4F6105DB2}.Release|Any CPU.Build.0 = Release|Any CPU
		{DA4B761C-28D3-4FD4-8701-922CE540810C}.Debug|Any CPU.ActiveCfg = Debug|Any CPU
		{DA4B761C-28D3-4FD4-8701-922CE540810C}.Debug|Any CPU.Build.0 = Debug|Any CPU
		{DA4B761C-28D3-4FD4-8701-922CE540810C}.Release|Any CPU.ActiveCfg = Release|Any CPU
		{DA4B761C-28D3-4FD4-8701-922CE540810C}.Release|Any CPU.Build.0 = Release|Any CPU
		{88B60529-294A-4845-871F-9ABE2715160F}.Debug|Any CPU.ActiveCfg = Debug|Any CPU
		{88B60529-294A-4845-871F-9ABE2715160F}.Debug|Any CPU.Build.0 = Debug|Any CPU
		{88B60529-294A-4845-871F-9ABE2715160F}.Release|Any CPU.ActiveCfg = Release|Any CPU
		{88B60529-294A-4845-871F-9ABE2715160F}.Release|Any CPU.Build.0 = Release|Any CPU
		{D20D2C64-D4C0-440C-9640-442B185B11EE}.Debug|Any CPU.ActiveCfg = Debug|Any CPU
		{D20D2C64-D4C0-440C-9640-442B185B11EE}.Debug|Any CPU.Build.0 = Debug|Any CPU
		{D20D2C64-D4C0-440C-9640-442B185B11EE}.Release|Any CPU.ActiveCfg = Release|Any CPU
		{D20D2C64-D4C0-440C-9640-442B185B11EE}.Release|Any CPU.Build.0 = Release|Any CPU
		{72907A72-F669-4372-A7E0-2F1CA2540E69}.Debug|Any CPU.ActiveCfg = Debug|Any CPU
		{72907A72-F669-4372-A7E0-2F1CA2540E69}.Debug|Any CPU.Build.0 = Debug|Any CPU
		{72907A72-F669-4372-A7E0-2F1CA2540E69}.Release|Any CPU.ActiveCfg = Release|Any CPU
		{72907A72-F669-4372-A7E0-2F1CA2540E69}.Release|Any CPU.Build.0 = Release|Any CPU
		{99FF096F-A8C5-425E-AFAD-7916C2D4F90D}.Debug|Any CPU.ActiveCfg = Debug|Any CPU
		{99FF096F-A8C5-425E-AFAD-7916C2D4F90D}.Debug|Any CPU.Build.0 = Debug|Any CPU
		{99FF096F-A8C5-425E-AFAD-7916C2D4F90D}.Release|Any CPU.ActiveCfg = Release|Any CPU
		{99FF096F-A8C5-425E-AFAD-7916C2D4F90D}.Release|Any CPU.Build.0 = Release|Any CPU
		{939AA4C6-5265-4908-A961-01BF05C09E9D}.Debug|Any CPU.ActiveCfg = Debug|Any CPU
		{939AA4C6-5265-4908-A961-01BF05C09E9D}.Debug|Any CPU.Build.0 = Debug|Any CPU
		{939AA4C6-5265-4908-A961-01BF05C09E9D}.Release|Any CPU.ActiveCfg = Release|Any CPU
		{939AA4C6-5265-4908-A961-01BF05C09E9D}.Release|Any CPU.Build.0 = Release|Any CPU
		{0A4E3C03-3D54-468B-B724-950ACE7A1696}.Debug|Any CPU.ActiveCfg = Debug|Any CPU
		{0A4E3C03-3D54-468B-B724-950ACE7A1696}.Debug|Any CPU.Build.0 = Debug|Any CPU
		{0A4E3C03-3D54-468B-B724-950ACE7A1696}.Release|Any CPU.ActiveCfg = Release|Any CPU
		{0A4E3C03-3D54-468B-B724-950ACE7A1696}.Release|Any CPU.Build.0 = Release|Any CPU
		{E4F91FF3-1E2D-4BD0-B888-0448DB1C448D}.Debug|Any CPU.ActiveCfg = Debug|Any CPU
		{E4F91FF3-1E2D-4BD0-B888-0448DB1C448D}.Debug|Any CPU.Build.0 = Debug|Any CPU
		{E4F91FF3-1E2D-4BD0-B888-0448DB1C448D}.Release|Any CPU.ActiveCfg = Release|Any CPU
		{E4F91FF3-1E2D-4BD0-B888-0448DB1C448D}.Release|Any CPU.Build.0 = Release|Any CPU
		{4C9F7BEC-B05C-49D4-A421-248E6045AD57}.Debug|Any CPU.ActiveCfg = Debug|Any CPU
		{4C9F7BEC-B05C-49D4-A421-248E6045AD57}.Debug|Any CPU.Build.0 = Debug|Any CPU
		{4C9F7BEC-B05C-49D4-A421-248E6045AD57}.Release|Any CPU.ActiveCfg = Release|Any CPU
		{4C9F7BEC-B05C-49D4-A421-248E6045AD57}.Release|Any CPU.Build.0 = Release|Any CPU
		{40696FBF-F1A9-4D0D-BCFC-BEBC794CF040}.Debug|Any CPU.ActiveCfg = Debug|Any CPU
		{40696FBF-F1A9-4D0D-BCFC-BEBC794CF040}.Debug|Any CPU.Build.0 = Debug|Any CPU
		{40696FBF-F1A9-4D0D-BCFC-BEBC794CF040}.Release|Any CPU.ActiveCfg = Release|Any CPU
		{40696FBF-F1A9-4D0D-BCFC-BEBC794CF040}.Release|Any CPU.Build.0 = Release|Any CPU
		{13A45709-27CF-4884-BEB1-63D0D3AEE43F}.Debug|Any CPU.ActiveCfg = Debug|Any CPU
		{13A45709-27CF-4884-BEB1-63D0D3AEE43F}.Debug|Any CPU.Build.0 = Debug|Any CPU
		{13A45709-27CF-4884-BEB1-63D0D3AEE43F}.Release|Any CPU.ActiveCfg = Release|Any CPU
		{13A45709-27CF-4884-BEB1-63D0D3AEE43F}.Release|Any CPU.Build.0 = Release|Any CPU
		{4DB60A2F-63F2-4616-9062-DB5D0C50567A}.Debug|Any CPU.ActiveCfg = Debug|Any CPU
		{4DB60A2F-63F2-4616-9062-DB5D0C50567A}.Debug|Any CPU.Build.0 = Debug|Any CPU
		{4DB60A2F-63F2-4616-9062-DB5D0C50567A}.Release|Any CPU.ActiveCfg = Release|Any CPU
		{4DB60A2F-63F2-4616-9062-DB5D0C50567A}.Release|Any CPU.Build.0 = Release|Any CPU
	EndGlobalSection
EndGlobal
